{
  "name": "avalanche-cli",
  "version": "1.6.3",
  "lockfileVersion": 2,
  "requires": true,
  "packages": {
    "": {
      "name": "avalanche-cli",
      "version": "1.6.3",
      "hasInstallScript": true,
      "license": "BSD-3-Clause",
      "bin": {
        "avalanche-cli": "avalanche-cli.sh"
      }
    }
  }
}
